// !$*UTF8*$!
{
	archiveVersion = 1;
	classes = {
	};
	objectVersion = 46;
	objects = {

/* Begin PBXBuildFile section */
		CE02125F1664790500505E02 /* backbottom.png in Resources */ = {isa = PBXBuildFile; fileRef = CE0212511664790500505E02 /* backbottom.png */; };
		CE0212601664790500505E02 /* backup.png in Resources */ = {isa = PBXBuildFile; fileRef = CE0212521664790500505E02 /* backup.png */; };
		CE0212611664790500505E02 /* check.png in Resources */ = {isa = PBXBuildFile; fileRef = CE0212531664790500505E02 /* check.png */; };
		CE0212621664790500505E02 /* client.png in Resources */ = {isa = PBXBuildFile; fileRef = CE0212541664790500505E02 /* client.png */; };
		CE0212631664790500505E02 /* copybottom.png in Resources */ = {isa = PBXBuildFile; fileRef = CE0212551664790500505E02 /* copybottom.png */; };
		CE0212641664790500505E02 /* copyup.png in Resources */ = {isa = PBXBuildFile; fileRef = CE0212561664790500505E02 /* copyup.png */; };
		CE0212651664790500505E02 /* deletebottom.png in Resources */ = {isa = PBXBuildFile; fileRef = CE0212571664790500505E02 /* deletebottom.png */; };
		CE0212661664790500505E02 /* deleteup.png in Resources */ = {isa = PBXBuildFile; fileRef = CE0212581664790500505E02 /* deleteup.png */; };
		CE0212671664790500505E02 /* folder.png in Resources */ = {isa = PBXBuildFile; fileRef = CE0212591664790500505E02 /* folder.png */; };
		CE0212681664790500505E02 /* newbottom.png in Resources */ = {isa = PBXBuildFile; fileRef = CE02125A1664790500505E02 /* newbottom.png */; };
		CE0212691664790500505E02 /* newup.png in Resources */ = {isa = PBXBuildFile; fileRef = CE02125B1664790500505E02 /* newup.png */; };
		CE02126A1664790500505E02 /* rename.png in Resources */ = {isa = PBXBuildFile; fileRef = CE02125C1664790500505E02 /* rename.png */; };
		CE02126B1664790500505E02 /* server.png in Resources */ = {isa = PBXBuildFile; fileRef = CE02125D1664790500505E02 /* server.png */; };
		CE02126C1664790500505E02 /* uncheck.png in Resources */ = {isa = PBXBuildFile; fileRef = CE02125E1664790500505E02 /* uncheck.png */; };
		CE02127016647AEA00505E02 /* vncTransferViewController.m in Sources */ = {isa = PBXBuildFile; fileRef = CE02126F16647AE900505E02 /* vncTransferViewController.m */; };
		CE8096FD165C85BE00B645B4 /* UIKit.framework in Frameworks */ = {isa = PBXBuildFile; fileRef = CE8096FC165C85BE00B645B4 /* UIKit.framework */; };
		CE8096FF165C85BE00B645B4 /* Foundation.framework in Frameworks */ = {isa = PBXBuildFile; fileRef = CE8096FE165C85BE00B645B4 /* Foundation.framework */; };
		CE809701165C85BE00B645B4 /* CoreGraphics.framework in Frameworks */ = {isa = PBXBuildFile; fileRef = CE809700165C85BE00B645B4 /* CoreGraphics.framework */; };
		CE809707165C85BE00B645B4 /* InfoPlist.strings in Resources */ = {isa = PBXBuildFile; fileRef = CE809705165C85BE00B645B4 /* InfoPlist.strings */; };
		CE809709165C85BF00B645B4 /* main.m in Sources */ = {isa = PBXBuildFile; fileRef = CE809708165C85BF00B645B4 /* main.m */; };
		CE80970D165C85BF00B645B4 /* vncAppDelegate.m in Sources */ = {isa = PBXBuildFile; fileRef = CE80970C165C85BF00B645B4 /* vncAppDelegate.m */; };
		CE809710165C85BF00B645B4 /* MainStoryboard_iPhone.storyboard in Resources */ = {isa = PBXBuildFile; fileRef = CE80970E165C85BF00B645B4 /* MainStoryboard_iPhone.storyboard */; };
		CE809713165C85BF00B645B4 /* MainStoryboard_iPad.storyboard in Resources */ = {isa = PBXBuildFile; fileRef = CE809711165C85BF00B645B4 /* MainStoryboard_iPad.storyboard */; };
		CE809716165C85BF00B645B4 /* vncViewController.m in Sources */ = {isa = PBXBuildFile; fileRef = CE809715165C85BF00B645B4 /* vncViewController.m */; };
		CE809724165DDA9F00B645B4 /* MyTreeNode.m in Sources */ = {isa = PBXBuildFile; fileRef = CE809721165DDA9F00B645B4 /* MyTreeNode.m */; };
		CE809725165DDA9F00B645B4 /* MyTreeViewCell.m in Sources */ = {isa = PBXBuildFile; fileRef = CE809723165DDA9F00B645B4 /* MyTreeViewCell.m */; };
		CE809728165DDE0F00B645B4 /* vncServerListViewController.m in Sources */ = {isa = PBXBuildFile; fileRef = CE809727165DDE0A00B645B4 /* vncServerListViewController.m */; };
		CE80975B165DE3AC00B645B4 /* CircleArrowDown_sml.png in Resources */ = {isa = PBXBuildFile; fileRef = CE809759165DE3AC00B645B4 /* CircleArrowDown_sml.png */; };
		CE80975C165DE3AC00B645B4 /* CircleArrowRight_sml.png in Resources */ = {isa = PBXBuildFile; fileRef = CE80975A165DE3AC00B645B4 /* CircleArrowRight_sml.png */; };
		CE9D315C166310020012097C /* vncTiledImageViewController.m in Sources */ = {isa = PBXBuildFile; fileRef = CE9D315B166310020012097C /* vncTiledImageViewController.m */; };
		CE9D3162166310920012097C /* TapDetectingView.m in Sources */ = {isa = PBXBuildFile; fileRef = CE9D315F166310920012097C /* TapDetectingView.m */; };
		CE9D3163166310920012097C /* TiledScrollView.m in Sources */ = {isa = PBXBuildFile; fileRef = CE9D3161166310920012097C /* TiledScrollView.m */; };
		CEF80FAB166326DC00621CF0 /* WeCanDoIt_25_0_0.png in Resources */ = {isa = PBXBuildFile; fileRef = CEF80F4B166326DC00621CF0 /* WeCanDoIt_25_0_0.png */; };
		CEF80FAC166326DC00621CF0 /* WeCanDoIt_25_0_1.png in Resources */ = {isa = PBXBuildFile; fileRef = CEF80F4C166326DC00621CF0 /* WeCanDoIt_25_0_1.png */; };
		CEF80FAD166326DC00621CF0 /* WeCanDoIt_25_0_2.png in Resources */ = {isa = PBXBuildFile; fileRef = CEF80F4D166326DC00621CF0 /* WeCanDoIt_25_0_2.png */; };
		CEF80FAE166326DC00621CF0 /* WeCanDoIt_25_1_0.png in Resources */ = {isa = PBXBuildFile; fileRef = CEF80F4E166326DC00621CF0 /* WeCanDoIt_25_1_0.png */; };
		CEF80FAF166326DC00621CF0 /* WeCanDoIt_25_1_1.png in Resources */ = {isa = PBXBuildFile; fileRef = CEF80F4F166326DC00621CF0 /* WeCanDoIt_25_1_1.png */; };
		CEF80FB0166326DC00621CF0 /* WeCanDoIt_25_1_2.png in Resources */ = {isa = PBXBuildFile; fileRef = CEF80F50166326DC00621CF0 /* WeCanDoIt_25_1_2.png */; };
		CEF80FB1166326DC00621CF0 /* WeCanDoIt_50_0_0.png in Resources */ = {isa = PBXBuildFile; fileRef = CEF80F51166326DC00621CF0 /* WeCanDoIt_50_0_0.png */; };
		CEF80FB2166326DC00621CF0 /* WeCanDoIt_50_0_1.png in Resources */ = {isa = PBXBuildFile; fileRef = CEF80F52166326DC00621CF0 /* WeCanDoIt_50_0_1.png */; };
		CEF80FB3166326DC00621CF0 /* WeCanDoIt_50_0_2.png in Resources */ = {isa = PBXBuildFile; fileRef = CEF80F53166326DC00621CF0 /* WeCanDoIt_50_0_2.png */; };
		CEF80FB4166326DC00621CF0 /* WeCanDoIt_50_0_3.png in Resources */ = {isa = PBXBuildFile; fileRef = CEF80F54166326DC00621CF0 /* WeCanDoIt_50_0_3.png */; };
		CEF80FB5166326DC00621CF0 /* WeCanDoIt_50_0_4.png in Resources */ = {isa = PBXBuildFile; fileRef = CEF80F55166326DC00621CF0 /* WeCanDoIt_50_0_4.png */; };
		CEF80FB6166326DC00621CF0 /* WeCanDoIt_50_1_0.png in Resources */ = {isa = PBXBuildFile; fileRef = CEF80F56166326DC00621CF0 /* WeCanDoIt_50_1_0.png */; };
		CEF80FB7166326DC00621CF0 /* WeCanDoIt_50_1_1.png in Resources */ = {isa = PBXBuildFile; fileRef = CEF80F57166326DC00621CF0 /* WeCanDoIt_50_1_1.png */; };
		CEF80FB8166326DC00621CF0 /* WeCanDoIt_50_1_2.png in Resources */ = {isa = PBXBuildFile; fileRef = CEF80F58166326DC00621CF0 /* WeCanDoIt_50_1_2.png */; };
		CEF80FB9166326DC00621CF0 /* WeCanDoIt_50_1_3.png in Resources */ = {isa = PBXBuildFile; fileRef = CEF80F59166326DC00621CF0 /* WeCanDoIt_50_1_3.png */; };
		CEF80FBA166326DC00621CF0 /* WeCanDoIt_50_1_4.png in Resources */ = {isa = PBXBuildFile; fileRef = CEF80F5A166326DC00621CF0 /* WeCanDoIt_50_1_4.png */; };
		CEF80FBB166326DC00621CF0 /* WeCanDoIt_50_2_0.png in Resources */ = {isa = PBXBuildFile; fileRef = CEF80F5B166326DC00621CF0 /* WeCanDoIt_50_2_0.png */; };
		CEF80FBC166326DC00621CF0 /* WeCanDoIt_50_2_1.png in Resources */ = {isa = PBXBuildFile; fileRef = CEF80F5C166326DC00621CF0 /* WeCanDoIt_50_2_1.png */; };
		CEF80FBD166326DC00621CF0 /* WeCanDoIt_50_2_2.png in Resources */ = {isa = PBXBuildFile; fileRef = CEF80F5D166326DC00621CF0 /* WeCanDoIt_50_2_2.png */; };
		CEF80FBE166326DC00621CF0 /* WeCanDoIt_50_2_3.png in Resources */ = {isa = PBXBuildFile; fileRef = CEF80F5E166326DC00621CF0 /* WeCanDoIt_50_2_3.png */; };
		CEF80FBF166326DC00621CF0 /* WeCanDoIt_50_2_4.png in Resources */ = {isa = PBXBuildFile; fileRef = CEF80F5F166326DC00621CF0 /* WeCanDoIt_50_2_4.png */; };
		CEF80FC0166326DC00621CF0 /* WeCanDoIt_50_3_0.png in Resources */ = {isa = PBXBuildFile; fileRef = CEF80F60166326DC00621CF0 /* WeCanDoIt_50_3_0.png */; };
		CEF80FC1166326DC00621CF0 /* WeCanDoIt_50_3_1.png in Resources */ = {isa = PBXBuildFile; fileRef = CEF80F61166326DC00621CF0 /* WeCanDoIt_50_3_1.png */; };
		CEF80FC2166326DC00621CF0 /* WeCanDoIt_50_3_2.png in Resources */ = {isa = PBXBuildFile; fileRef = CEF80F62166326DC00621CF0 /* WeCanDoIt_50_3_2.png */; };
		CEF80FC3166326DC00621CF0 /* WeCanDoIt_50_3_3.png in Resources */ = {isa = PBXBuildFile; fileRef = CEF80F63166326DC00621CF0 /* WeCanDoIt_50_3_3.png */; };
		CEF80FC4166326DC00621CF0 /* WeCanDoIt_50_3_4.png in Resources */ = {isa = PBXBuildFile; fileRef = CEF80F64166326DC00621CF0 /* WeCanDoIt_50_3_4.png */; };
		CEF80FC5166326DC00621CF0 /* WeCanDoIt_100_0_0.png in Resources */ = {isa = PBXBuildFile; fileRef = CEF80F65166326DC00621CF0 /* WeCanDoIt_100_0_0.png */; };
		CEF80FC6166326DC00621CF0 /* WeCanDoIt_100_0_1.png in Resources */ = {isa = PBXBuildFile; fileRef = CEF80F66166326DC00621CF0 /* WeCanDoIt_100_0_1.png */; };
		CEF80FC7166326DC00621CF0 /* WeCanDoIt_100_0_2.png in Resources */ = {isa = PBXBuildFile; fileRef = CEF80F67166326DC00621CF0 /* WeCanDoIt_100_0_2.png */; };
		CEF80FC8166326DC00621CF0 /* WeCanDoIt_100_0_3.png in Resources */ = {isa = PBXBuildFile; fileRef = CEF80F68166326DC00621CF0 /* WeCanDoIt_100_0_3.png */; };
		CEF80FC9166326DC00621CF0 /* WeCanDoIt_100_0_4.png in Resources */ = {isa = PBXBuildFile; fileRef = CEF80F69166326DC00621CF0 /* WeCanDoIt_100_0_4.png */; };
		CEF80FCA166326DC00621CF0 /* WeCanDoIt_100_0_5.png in Resources */ = {isa = PBXBuildFile; fileRef = CEF80F6A166326DC00621CF0 /* WeCanDoIt_100_0_5.png */; };
		CEF80FCB166326DC00621CF0 /* WeCanDoIt_100_0_6.png in Resources */ = {isa = PBXBuildFile; fileRef = CEF80F6B166326DC00621CF0 /* WeCanDoIt_100_0_6.png */; };
		CEF80FCC166326DC00621CF0 /* WeCanDoIt_100_0_7.png in Resources */ = {isa = PBXBuildFile; fileRef = CEF80F6C166326DC00621CF0 /* WeCanDoIt_100_0_7.png */; };
		CEF80FCD166326DC00621CF0 /* WeCanDoIt_100_0_8.png in Resources */ = {isa = PBXBuildFile; fileRef = CEF80F6D166326DC00621CF0 /* WeCanDoIt_100_0_8.png */; };
		CEF80FCE166326DC00621CF0 /* WeCanDoIt_100_0_9.png in Resources */ = {isa = PBXBuildFile; fileRef = CEF80F6E166326DC00621CF0 /* WeCanDoIt_100_0_9.png */; };
		CEF80FCF166326DC00621CF0 /* WeCanDoIt_100_1_0.png in Resources */ = {isa = PBXBuildFile; fileRef = CEF80F6F166326DC00621CF0 /* WeCanDoIt_100_1_0.png */; };
		CEF80FD0166326DC00621CF0 /* WeCanDoIt_100_1_1.png in Resources */ = {isa = PBXBuildFile; fileRef = CEF80F70166326DC00621CF0 /* WeCanDoIt_100_1_1.png */; };
		CEF80FD1166326DC00621CF0 /* WeCanDoIt_100_1_2.png in Resources */ = {isa = PBXBuildFile; fileRef = CEF80F71166326DC00621CF0 /* WeCanDoIt_100_1_2.png */; };
		CEF80FD2166326DC00621CF0 /* WeCanDoIt_100_1_3.png in Resources */ = {isa = PBXBuildFile; fileRef = CEF80F72166326DC00621CF0 /* WeCanDoIt_100_1_3.png */; };
		CEF80FD3166326DC00621CF0 /* WeCanDoIt_100_1_4.png in Resources */ = {isa = PBXBuildFile; fileRef = CEF80F73166326DC00621CF0 /* WeCanDoIt_100_1_4.png */; };
		CEF80FD4166326DC00621CF0 /* WeCanDoIt_100_1_5.png in Resources */ = {isa = PBXBuildFile; fileRef = CEF80F74166326DC00621CF0 /* WeCanDoIt_100_1_5.png */; };
		CEF80FD5166326DC00621CF0 /* WeCanDoIt_100_1_6.png in Resources */ = {isa = PBXBuildFile; fileRef = CEF80F75166326DC00621CF0 /* WeCanDoIt_100_1_6.png */; };
		CEF80FD6166326DC00621CF0 /* WeCanDoIt_100_1_7.png in Resources */ = {isa = PBXBuildFile; fileRef = CEF80F76166326DC00621CF0 /* WeCanDoIt_100_1_7.png */; };
		CEF80FD7166326DC00621CF0 /* WeCanDoIt_100_1_8.png in Resources */ = {isa = PBXBuildFile; fileRef = CEF80F77166326DC00621CF0 /* WeCanDoIt_100_1_8.png */; };
		CEF80FD8166326DC00621CF0 /* WeCanDoIt_100_1_9.png in Resources */ = {isa = PBXBuildFile; fileRef = CEF80F78166326DC00621CF0 /* WeCanDoIt_100_1_9.png */; };
		CEF80FD9166326DC00621CF0 /* WeCanDoIt_100_2_0.png in Resources */ = {isa = PBXBuildFile; fileRef = CEF80F79166326DC00621CF0 /* WeCanDoIt_100_2_0.png */; };
		CEF80FDA166326DC00621CF0 /* WeCanDoIt_100_2_1.png in Resources */ = {isa = PBXBuildFile; fileRef = CEF80F7A166326DC00621CF0 /* WeCanDoIt_100_2_1.png */; };
		CEF80FDB166326DC00621CF0 /* WeCanDoIt_100_2_2.png in Resources */ = {isa = PBXBuildFile; fileRef = CEF80F7B166326DC00621CF0 /* WeCanDoIt_100_2_2.png */; };
		CEF80FDC166326DC00621CF0 /* WeCanDoIt_100_2_3.png in Resources */ = {isa = PBXBuildFile; fileRef = CEF80F7C166326DC00621CF0 /* WeCanDoIt_100_2_3.png */; };
		CEF80FDD166326DC00621CF0 /* WeCanDoIt_100_2_4.png in Resources */ = {isa = PBXBuildFile; fileRef = CEF80F7D166326DC00621CF0 /* WeCanDoIt_100_2_4.png */; };
		CEF80FDE166326DC00621CF0 /* WeCanDoIt_100_2_5.png in Resources */ = {isa = PBXBuildFile; fileRef = CEF80F7E166326DC00621CF0 /* WeCanDoIt_100_2_5.png */; };
		CEF80FDF166326DC00621CF0 /* WeCanDoIt_100_2_6.png in Resources */ = {isa = PBXBuildFile; fileRef = CEF80F7F166326DC00621CF0 /* WeCanDoIt_100_2_6.png */; };
		CEF80FE0166326DC00621CF0 /* WeCanDoIt_100_2_7.png in Resources */ = {isa = PBXBuildFile; fileRef = CEF80F80166326DC00621CF0 /* WeCanDoIt_100_2_7.png */; };
		CEF80FE1166326DC00621CF0 /* WeCanDoIt_100_2_8.png in Resources */ = {isa = PBXBuildFile; fileRef = CEF80F81166326DC00621CF0 /* WeCanDoIt_100_2_8.png */; };
		CEF80FE2166326DC00621CF0 /* WeCanDoIt_100_2_9.png in Resources */ = {isa = PBXBuildFile; fileRef = CEF80F82166326DC00621CF0 /* WeCanDoIt_100_2_9.png */; };
		CEF80FE3166326DC00621CF0 /* WeCanDoIt_100_3_0.png in Resources */ = {isa = PBXBuildFile; fileRef = CEF80F83166326DC00621CF0 /* WeCanDoIt_100_3_0.png */; };
		CEF80FE4166326DC00621CF0 /* WeCanDoIt_100_3_1.png in Resources */ = {isa = PBXBuildFile; fileRef = CEF80F84166326DC00621CF0 /* WeCanDoIt_100_3_1.png */; };
		CEF80FE5166326DC00621CF0 /* WeCanDoIt_100_3_2.png in Resources */ = {isa = PBXBuildFile; fileRef = CEF80F85166326DC00621CF0 /* WeCanDoIt_100_3_2.png */; };
		CEF80FE6166326DC00621CF0 /* WeCanDoIt_100_3_3.png in Resources */ = {isa = PBXBuildFile; fileRef = CEF80F86166326DC00621CF0 /* WeCanDoIt_100_3_3.png */; };
		CEF80FE7166326DC00621CF0 /* WeCanDoIt_100_3_4.png in Resources */ = {isa = PBXBuildFile; fileRef = CEF80F87166326DC00621CF0 /* WeCanDoIt_100_3_4.png */; };
		CEF80FE8166326DC00621CF0 /* WeCanDoIt_100_3_5.png in Resources */ = {isa = PBXBuildFile; fileRef = CEF80F88166326DC00621CF0 /* WeCanDoIt_100_3_5.png */; };
		CEF80FE9166326DC00621CF0 /* WeCanDoIt_100_3_6.png in Resources */ = {isa = PBXBuildFile; fileRef = CEF80F89166326DC00621CF0 /* WeCanDoIt_100_3_6.png */; };
		CEF80FEA166326DC00621CF0 /* WeCanDoIt_100_3_7.png in Resources */ = {isa = PBXBuildFile; fileRef = CEF80F8A166326DC00621CF0 /* WeCanDoIt_100_3_7.png */; };
		CEF80FEB166326DC00621CF0 /* WeCanDoIt_100_3_8.png in Resources */ = {isa = PBXBuildFile; fileRef = CEF80F8B166326DC00621CF0 /* WeCanDoIt_100_3_8.png */; };
		CEF80FEC166326DC00621CF0 /* WeCanDoIt_100_3_9.png in Resources */ = {isa = PBXBuildFile; fileRef = CEF80F8C166326DC00621CF0 /* WeCanDoIt_100_3_9.png */; };
		CEF80FED166326DC00621CF0 /* WeCanDoIt_100_4_0.png in Resources */ = {isa = PBXBuildFile; fileRef = CEF80F8D166326DC00621CF0 /* WeCanDoIt_100_4_0.png */; };
		CEF80FEE166326DC00621CF0 /* WeCanDoIt_100_4_1.png in Resources */ = {isa = PBXBuildFile; fileRef = CEF80F8E166326DC00621CF0 /* WeCanDoIt_100_4_1.png */; };
		CEF80FEF166326DC00621CF0 /* WeCanDoIt_100_4_2.png in Resources */ = {isa = PBXBuildFile; fileRef = CEF80F8F166326DC00621CF0 /* WeCanDoIt_100_4_2.png */; };
		CEF80FF0166326DC00621CF0 /* WeCanDoIt_100_4_3.png in Resources */ = {isa = PBXBuildFile; fileRef = CEF80F90166326DC00621CF0 /* WeCanDoIt_100_4_3.png */; };
		CEF80FF1166326DC00621CF0 /* WeCanDoIt_100_4_4.png in Resources */ = {isa = PBXBuildFile; fileRef = CEF80F91166326DC00621CF0 /* WeCanDoIt_100_4_4.png */; };
		CEF80FF2166326DC00621CF0 /* WeCanDoIt_100_4_5.png in Resources */ = {isa = PBXBuildFile; fileRef = CEF80F92166326DC00621CF0 /* WeCanDoIt_100_4_5.png */; };
		CEF80FF3166326DC00621CF0 /* WeCanDoIt_100_4_6.png in Resources */ = {isa = PBXBuildFile; fileRef = CEF80F93166326DC00621CF0 /* WeCanDoIt_100_4_6.png */; };
		CEF80FF4166326DC00621CF0 /* WeCanDoIt_100_4_7.png in Resources */ = {isa = PBXBuildFile; fileRef = CEF80F94166326DC00621CF0 /* WeCanDoIt_100_4_7.png */; };
		CEF80FF5166326DC00621CF0 /* WeCanDoIt_100_4_8.png in Resources */ = {isa = PBXBuildFile; fileRef = CEF80F95166326DC00621CF0 /* WeCanDoIt_100_4_8.png */; };
		CEF80FF6166326DC00621CF0 /* WeCanDoIt_100_4_9.png in Resources */ = {isa = PBXBuildFile; fileRef = CEF80F96166326DC00621CF0 /* WeCanDoIt_100_4_9.png */; };
		CEF80FF7166326DC00621CF0 /* WeCanDoIt_100_5_0.png in Resources */ = {isa = PBXBuildFile; fileRef = CEF80F97166326DC00621CF0 /* WeCanDoIt_100_5_0.png */; };
		CEF80FF8166326DC00621CF0 /* WeCanDoIt_100_5_1.png in Resources */ = {isa = PBXBuildFile; fileRef = CEF80F98166326DC00621CF0 /* WeCanDoIt_100_5_1.png */; };
		CEF80FF9166326DC00621CF0 /* WeCanDoIt_100_5_2.png in Resources */ = {isa = PBXBuildFile; fileRef = CEF80F99166326DC00621CF0 /* WeCanDoIt_100_5_2.png */; };
		CEF80FFA166326DC00621CF0 /* WeCanDoIt_100_5_3.png in Resources */ = {isa = PBXBuildFile; fileRef = CEF80F9A166326DC00621CF0 /* WeCanDoIt_100_5_3.png */; };
		CEF80FFB166326DC00621CF0 /* WeCanDoIt_100_5_4.png in Resources */ = {isa = PBXBuildFile; fileRef = CEF80F9B166326DC00621CF0 /* WeCanDoIt_100_5_4.png */; };
		CEF80FFC166326DC00621CF0 /* WeCanDoIt_100_5_5.png in Resources */ = {isa = PBXBuildFile; fileRef = CEF80F9C166326DC00621CF0 /* WeCanDoIt_100_5_5.png */; };
		CEF80FFD166326DC00621CF0 /* WeCanDoIt_100_5_6.png in Resources */ = {isa = PBXBuildFile; fileRef = CEF80F9D166326DC00621CF0 /* WeCanDoIt_100_5_6.png */; };
		CEF80FFE166326DC00621CF0 /* WeCanDoIt_100_5_7.png in Resources */ = {isa = PBXBuildFile; fileRef = CEF80F9E166326DC00621CF0 /* WeCanDoIt_100_5_7.png */; };
		CEF80FFF166326DC00621CF0 /* WeCanDoIt_100_5_8.png in Resources */ = {isa = PBXBuildFile; fileRef = CEF80F9F166326DC00621CF0 /* WeCanDoIt_100_5_8.png */; };
		CEF81000166326DC00621CF0 /* WeCanDoIt_100_5_9.png in Resources */ = {isa = PBXBuildFile; fileRef = CEF80FA0166326DC00621CF0 /* WeCanDoIt_100_5_9.png */; };
		CEF81001166326DC00621CF0 /* WeCanDoIt_100_6_0.png in Resources */ = {isa = PBXBuildFile; fileRef = CEF80FA1166326DC00621CF0 /* WeCanDoIt_100_6_0.png */; };
		CEF81002166326DC00621CF0 /* WeCanDoIt_100_6_1.png in Resources */ = {isa = PBXBuildFile; fileRef = CEF80FA2166326DC00621CF0 /* WeCanDoIt_100_6_1.png */; };
		CEF81003166326DC00621CF0 /* WeCanDoIt_100_6_2.png in Resources */ = {isa = PBXBuildFile; fileRef = CEF80FA3166326DC00621CF0 /* WeCanDoIt_100_6_2.png */; };
		CEF81004166326DC00621CF0 /* WeCanDoIt_100_6_3.png in Resources */ = {isa = PBXBuildFile; fileRef = CEF80FA4166326DC00621CF0 /* WeCanDoIt_100_6_3.png */; };
		CEF81005166326DC00621CF0 /* WeCanDoIt_100_6_4.png in Resources */ = {isa = PBXBuildFile; fileRef = CEF80FA5166326DC00621CF0 /* WeCanDoIt_100_6_4.png */; };
		CEF81006166326DC00621CF0 /* WeCanDoIt_100_6_5.png in Resources */ = {isa = PBXBuildFile; fileRef = CEF80FA6166326DC00621CF0 /* WeCanDoIt_100_6_5.png */; };
		CEF81007166326DC00621CF0 /* WeCanDoIt_100_6_6.png in Resources */ = {isa = PBXBuildFile; fileRef = CEF80FA7166326DC00621CF0 /* WeCanDoIt_100_6_6.png */; };
		CEF81008166326DC00621CF0 /* WeCanDoIt_100_6_7.png in Resources */ = {isa = PBXBuildFile; fileRef = CEF80FA8166326DC00621CF0 /* WeCanDoIt_100_6_7.png */; };
		CEF81009166326DC00621CF0 /* WeCanDoIt_100_6_8.png in Resources */ = {isa = PBXBuildFile; fileRef = CEF80FA9166326DC00621CF0 /* WeCanDoIt_100_6_8.png */; };
		CEF8100A166326DC00621CF0 /* WeCanDoIt_100_6_9.png in Resources */ = {isa = PBXBuildFile; fileRef = CEF80FAA166326DC00621CF0 /* WeCanDoIt_100_6_9.png */; };
/* End PBXBuildFile section */

/* Begin PBXFileReference section */
		CE0212511664790500505E02 /* backbottom.png */ = {isa = PBXFileReference; lastKnownFileType = image.png; name = backbottom.png; path = "../../../Trust image/backbottom.png"; sourceTree = "<group>"; };
		CE0212521664790500505E02 /* backup.png */ = {isa = PBXFileReference; lastKnownFileType = image.png; name = backup.png; path = "../../../Trust image/backup.png"; sourceTree = "<group>"; };
		CE0212531664790500505E02 /* check.png */ = {isa = PBXFileReference; lastKnownFileType = image.png; name = check.png; path = "../../../Trust image/check.png"; sourceTree = "<group>"; };
		CE0212541664790500505E02 /* client.png */ = {isa = PBXFileReference; lastKnownFileType = image.png; name = client.png; path = "../../../Trust image/client.png"; sourceTree = "<group>"; };
		CE0212551664790500505E02 /* copybottom.png */ = {isa = PBXFileReference; lastKnownFileType = image.png; name = copybottom.png; path = "../../../Trust image/copybottom.png"; sourceTree = "<group>"; };
		CE0212561664790500505E02 /* copyup.png */ = {isa = PBXFileReference; lastKnownFileType = image.png; name = copyup.png; path = "../../../Trust image/copyup.png"; sourceTree = "<group>"; };
		CE0212571664790500505E02 /* deletebottom.png */ = {isa = PBXFileReference; lastKnownFileType = image.png; name = deletebottom.png; path = "../../../Trust image/deletebottom.png"; sourceTree = "<group>"; };
		CE0212581664790500505E02 /* deleteup.png */ = {isa = PBXFileReference; lastKnownFileType = image.png; name = deleteup.png; path = "../../../Trust image/deleteup.png"; sourceTree = "<group>"; };
		CE0212591664790500505E02 /* folder.png */ = {isa = PBXFileReference; lastKnownFileType = image.png; name = folder.png; path = "../../../Trust image/folder.png"; sourceTree = "<group>"; };
		CE02125A1664790500505E02 /* newbottom.png */ = {isa = PBXFileReference; lastKnownFileType = image.png; name = newbottom.png; path = "../../../Trust image/newbottom.png"; sourceTree = "<group>"; };
		CE02125B1664790500505E02 /* newup.png */ = {isa = PBXFileReference; lastKnownFileType = image.png; name = newup.png; path = "../../../Trust image/newup.png"; sourceTree = "<group>"; };
		CE02125C1664790500505E02 /* rename.png */ = {isa = PBXFileReference; lastKnownFileType = image.png; name = rename.png; path = "../../../Trust image/rename.png"; sourceTree = "<group>"; };
		CE02125D1664790500505E02 /* server.png */ = {isa = PBXFileReference; lastKnownFileType = image.png; name = server.png; path = "../../../Trust image/server.png"; sourceTree = "<group>"; };
		CE02125E1664790500505E02 /* uncheck.png */ = {isa = PBXFileReference; lastKnownFileType = image.png; name = uncheck.png; path = "../../../Trust image/uncheck.png"; sourceTree = "<group>"; };
		CE02126E16647AE900505E02 /* vncTransferViewController.h */ = {isa = PBXFileReference; fileEncoding = 4; lastKnownFileType = sourcecode.c.h; path = vncTransferViewController.h; sourceTree = "<group>"; };
		CE02126F16647AE900505E02 /* vncTransferViewController.m */ = {isa = PBXFileReference; fileEncoding = 4; lastKnownFileType = sourcecode.c.objc; path = vncTransferViewController.m; sourceTree = "<group>"; };
		CE8096F8165C85BE00B645B4 /* EliRemoteIOS.app */ = {isa = PBXFileReference; explicitFileType = wrapper.application; includeInIndex = 0; path = EliRemoteIOS.app; sourceTree = BUILT_PRODUCTS_DIR; };
		CE8096FC165C85BE00B645B4 /* UIKit.framework */ = {isa = PBXFileReference; lastKnownFileType = wrapper.framework; name = UIKit.framework; path = System/Library/Frameworks/UIKit.framework; sourceTree = SDKROOT; };
		CE8096FE165C85BE00B645B4 /* Foundation.framework */ = {isa = PBXFileReference; lastKnownFileType = wrapper.framework; name = Foundation.framework; path = System/Library/Frameworks/Foundation.framework; sourceTree = SDKROOT; };
		CE809700165C85BE00B645B4 /* CoreGraphics.framework */ = {isa = PBXFileReference; lastKnownFileType = wrapper.framework; name = CoreGraphics.framework; path = System/Library/Frameworks/CoreGraphics.framework; sourceTree = SDKROOT; };
		CE809704165C85BE00B645B4 /* EliRemoteIOS-Info.plist */ = {isa = PBXFileReference; lastKnownFileType = text.plist.xml; path = "EliRemoteIOS-Info.plist"; sourceTree = "<group>"; };
		CE809706165C85BE00B645B4 /* en */ = {isa = PBXFileReference; lastKnownFileType = text.plist.strings; name = en; path = en.lproj/InfoPlist.strings; sourceTree = "<group>"; };
		CE809708165C85BF00B645B4 /* main.m */ = {isa = PBXFileReference; lastKnownFileType = sourcecode.c.objc; path = main.m; sourceTree = "<group>"; };
		CE80970A165C85BF00B645B4 /* EliRemoteIOS-Prefix.pch */ = {isa = PBXFileReference; lastKnownFileType = sourcecode.c.h; path = "EliRemoteIOS-Prefix.pch"; sourceTree = "<group>"; };
		CE80970B165C85BF00B645B4 /* vncAppDelegate.h */ = {isa = PBXFileReference; lastKnownFileType = sourcecode.c.h; path = vncAppDelegate.h; sourceTree = "<group>"; };
		CE80970C165C85BF00B645B4 /* vncAppDelegate.m */ = {isa = PBXFileReference; lastKnownFileType = sourcecode.c.objc; path = vncAppDelegate.m; sourceTree = "<group>"; };
		CE80970F165C85BF00B645B4 /* en */ = {isa = PBXFileReference; lastKnownFileType = file.storyboard; name = en; path = en.lproj/MainStoryboard_iPhone.storyboard; sourceTree = "<group>"; };
		CE809712165C85BF00B645B4 /* en */ = {isa = PBXFileReference; lastKnownFileType = file.storyboard; name = en; path = en.lproj/MainStoryboard_iPad.storyboard; sourceTree = "<group>"; };
		CE809714165C85BF00B645B4 /* vncViewController.h */ = {isa = PBXFileReference; lastKnownFileType = sourcecode.c.h; path = vncViewController.h; sourceTree = "<group>"; };
		CE809715165C85BF00B645B4 /* vncViewController.m */ = {isa = PBXFileReference; lastKnownFileType = sourcecode.c.objc; path = vncViewController.m; sourceTree = "<group>"; };
		CE809720165DDA9F00B645B4 /* MyTreeNode.h */ = {isa = PBXFileReference; fileEncoding = 4; lastKnownFileType = sourcecode.c.h; path = MyTreeNode.h; sourceTree = "<group>"; };
		CE809721165DDA9F00B645B4 /* MyTreeNode.m */ = {isa = PBXFileReference; fileEncoding = 4; lastKnownFileType = sourcecode.c.objc; path = MyTreeNode.m; sourceTree = "<group>"; };
		CE809722165DDA9F00B645B4 /* MyTreeViewCell.h */ = {isa = PBXFileReference; fileEncoding = 4; lastKnownFileType = sourcecode.c.h; path = MyTreeViewCell.h; sourceTree = "<group>"; };
		CE809723165DDA9F00B645B4 /* MyTreeViewCell.m */ = {isa = PBXFileReference; fileEncoding = 4; lastKnownFileType = sourcecode.c.objc; path = MyTreeViewCell.m; sourceTree = "<group>"; };
		CE809726165DDE0800B645B4 /* vncServerListViewController.h */ = {isa = PBXFileReference; fileEncoding = 4; lastKnownFileType = sourcecode.c.h; path = vncServerListViewController.h; sourceTree = "<group>"; };
		CE809727165DDE0A00B645B4 /* vncServerListViewController.m */ = {isa = PBXFileReference; fileEncoding = 4; lastKnownFileType = sourcecode.c.objc; path = vncServerListViewController.m; sourceTree = "<group>"; };
		CE809759165DE3AC00B645B4 /* CircleArrowDown_sml.png */ = {isa = PBXFileReference; lastKnownFileType = image.png; path = CircleArrowDown_sml.png; sourceTree = "<group>"; };
		CE80975A165DE3AC00B645B4 /* CircleArrowRight_sml.png */ = {isa = PBXFileReference; lastKnownFileType = image.png; path = CircleArrowRight_sml.png; sourceTree = "<group>"; };
		CE9D315A166310020012097C /* vncTiledImageViewController.h */ = {isa = PBXFileReference; fileEncoding = 4; lastKnownFileType = sourcecode.c.h; path = vncTiledImageViewController.h; sourceTree = "<group>"; };
		CE9D315B166310020012097C /* vncTiledImageViewController.m */ = {isa = PBXFileReference; fileEncoding = 4; lastKnownFileType = sourcecode.c.objc; path = vncTiledImageViewController.m; sourceTree = "<group>"; };
		CE9D315E166310920012097C /* TapDetectingView.h */ = {isa = PBXFileReference; fileEncoding = 4; lastKnownFileType = sourcecode.c.h; path = TapDetectingView.h; sourceTree = "<group>"; };
		CE9D315F166310920012097C /* TapDetectingView.m */ = {isa = PBXFileReference; fileEncoding = 4; lastKnownFileType = sourcecode.c.objc; path = TapDetectingView.m; sourceTree = "<group>"; };
		CE9D3160166310920012097C /* TiledScrollView.h */ = {isa = PBXFileReference; fileEncoding = 4; lastKnownFileType = sourcecode.c.h; path = TiledScrollView.h; sourceTree = "<group>"; };
		CE9D3161166310920012097C /* TiledScrollView.m */ = {isa = PBXFileReference; fileEncoding = 4; lastKnownFileType = sourcecode.c.objc; path = TiledScrollView.m; sourceTree = "<group>"; };
		CEF80F4B166326DC00621CF0 /* WeCanDoIt_25_0_0.png */ = {isa = PBXFileReference; lastKnownFileType = image.png; path = WeCanDoIt_25_0_0.png; sourceTree = "<group>"; };
		CEF80F4C166326DC00621CF0 /* WeCanDoIt_25_0_1.png */ = {isa = PBXFileReference; lastKnownFileType = image.png; path = WeCanDoIt_25_0_1.png; sourceTree = "<group>"; };
		CEF80F4D166326DC00621CF0 /* WeCanDoIt_25_0_2.png */ = {isa = PBXFileReference; lastKnownFileType = image.png; path = WeCanDoIt_25_0_2.png; sourceTree = "<group>"; };
		CEF80F4E166326DC00621CF0 /* WeCanDoIt_25_1_0.png */ = {isa = PBXFileReference; lastKnownFileType = image.png; path = WeCanDoIt_25_1_0.png; sourceTree = "<group>"; };
		CEF80F4F166326DC00621CF0 /* WeCanDoIt_25_1_1.png */ = {isa = PBXFileReference; lastKnownFileType = image.png; path = WeCanDoIt_25_1_1.png; sourceTree = "<group>"; };
		CEF80F50166326DC00621CF0 /* WeCanDoIt_25_1_2.png */ = {isa = PBXFileReference; lastKnownFileType = image.png; path = WeCanDoIt_25_1_2.png; sourceTree = "<group>"; };
		CEF80F51166326DC00621CF0 /* WeCanDoIt_50_0_0.png */ = {isa = PBXFileReference; lastKnownFileType = image.png; path = WeCanDoIt_50_0_0.png; sourceTree = "<group>"; };
		CEF80F52166326DC00621CF0 /* WeCanDoIt_50_0_1.png */ = {isa = PBXFileReference; lastKnownFileType = image.png; path = WeCanDoIt_50_0_1.png; sourceTree = "<group>"; };
		CEF80F53166326DC00621CF0 /* WeCanDoIt_50_0_2.png */ = {isa = PBXFileReference; lastKnownFileType = image.png; path = WeCanDoIt_50_0_2.png; sourceTree = "<group>"; };
		CEF80F54166326DC00621CF0 /* WeCanDoIt_50_0_3.png */ = {isa = PBXFileReference; lastKnownFileType = image.png; path = WeCanDoIt_50_0_3.png; sourceTree = "<group>"; };
		CEF80F55166326DC00621CF0 /* WeCanDoIt_50_0_4.png */ = {isa = PBXFileReference; lastKnownFileType = image.png; path = WeCanDoIt_50_0_4.png; sourceTree = "<group>"; };
		CEF80F56166326DC00621CF0 /* WeCanDoIt_50_1_0.png */ = {isa = PBXFileReference; lastKnownFileType = image.png; path = WeCanDoIt_50_1_0.png; sourceTree = "<group>"; };
		CEF80F57166326DC00621CF0 /* WeCanDoIt_50_1_1.png */ = {isa = PBXFileReference; lastKnownFileType = image.png; path = WeCanDoIt_50_1_1.png; sourceTree = "<group>"; };
		CEF80F58166326DC00621CF0 /* WeCanDoIt_50_1_2.png */ = {isa = PBXFileReference; lastKnownFileType = image.png; path = WeCanDoIt_50_1_2.png; sourceTree = "<group>"; };
		CEF80F59166326DC00621CF0 /* WeCanDoIt_50_1_3.png */ = {isa = PBXFileReference; lastKnownFileType = image.png; path = WeCanDoIt_50_1_3.png; sourceTree = "<group>"; };
		CEF80F5A166326DC00621CF0 /* WeCanDoIt_50_1_4.png */ = {isa = PBXFileReference; lastKnownFileType = image.png; path = WeCanDoIt_50_1_4.png; sourceTree = "<group>"; };
		CEF80F5B166326DC00621CF0 /* WeCanDoIt_50_2_0.png */ = {isa = PBXFileReference; lastKnownFileType = image.png; path = WeCanDoIt_50_2_0.png; sourceTree = "<group>"; };
		CEF80F5C166326DC00621CF0 /* WeCanDoIt_50_2_1.png */ = {isa = PBXFileReference; lastKnownFileType = image.png; path = WeCanDoIt_50_2_1.png; sourceTree = "<group>"; };
		CEF80F5D166326DC00621CF0 /* WeCanDoIt_50_2_2.png */ = {isa = PBXFileReference; lastKnownFileType = image.png; path = WeCanDoIt_50_2_2.png; sourceTree = "<group>"; };
		CEF80F5E166326DC00621CF0 /* WeCanDoIt_50_2_3.png */ = {isa = PBXFileReference; lastKnownFileType = image.png; path = WeCanDoIt_50_2_3.png; sourceTree = "<group>"; };
		CEF80F5F166326DC00621CF0 /* WeCanDoIt_50_2_4.png */ = {isa = PBXFileReference; lastKnownFileType = image.png; path = WeCanDoIt_50_2_4.png; sourceTree = "<group>"; };
		CEF80F60166326DC00621CF0 /* WeCanDoIt_50_3_0.png */ = {isa = PBXFileReference; lastKnownFileType = image.png; path = WeCanDoIt_50_3_0.png; sourceTree = "<group>"; };
		CEF80F61166326DC00621CF0 /* WeCanDoIt_50_3_1.png */ = {isa = PBXFileReference; lastKnownFileType = image.png; path = WeCanDoIt_50_3_1.png; sourceTree = "<group>"; };
		CEF80F62166326DC00621CF0 /* WeCanDoIt_50_3_2.png */ = {isa = PBXFileReference; lastKnownFileType = image.png; path = WeCanDoIt_50_3_2.png; sourceTree = "<group>"; };
		CEF80F63166326DC00621CF0 /* WeCanDoIt_50_3_3.png */ = {isa = PBXFileReference; lastKnownFileType = image.png; path = WeCanDoIt_50_3_3.png; sourceTree = "<group>"; };
		CEF80F64166326DC00621CF0 /* WeCanDoIt_50_3_4.png */ = {isa = PBXFileReference; lastKnownFileType = image.png; path = WeCanDoIt_50_3_4.png; sourceTree = "<group>"; };
		CEF80F65166326DC00621CF0 /* WeCanDoIt_100_0_0.png */ = {isa = PBXFileReference; lastKnownFileType = image.png; path = WeCanDoIt_100_0_0.png; sourceTree = "<group>"; };
		CEF80F66166326DC00621CF0 /* WeCanDoIt_100_0_1.png */ = {isa = PBXFileReference; lastKnownFileType = image.png; path = WeCanDoIt_100_0_1.png; sourceTree = "<group>"; };
		CEF80F67166326DC00621CF0 /* WeCanDoIt_100_0_2.png */ = {isa = PBXFileReference; lastKnownFileType = image.png; path = WeCanDoIt_100_0_2.png; sourceTree = "<group>"; };
		CEF80F68166326DC00621CF0 /* WeCanDoIt_100_0_3.png */ = {isa = PBXFileReference; lastKnownFileType = image.png; path = WeCanDoIt_100_0_3.png; sourceTree = "<group>"; };
		CEF80F69166326DC00621CF0 /* WeCanDoIt_100_0_4.png */ = {isa = PBXFileReference; lastKnownFileType = image.png; path = WeCanDoIt_100_0_4.png; sourceTree = "<group>"; };
		CEF80F6A166326DC00621CF0 /* WeCanDoIt_100_0_5.png */ = {isa = PBXFileReference; lastKnownFileType = image.png; path = WeCanDoIt_100_0_5.png; sourceTree = "<group>"; };
		CEF80F6B166326DC00621CF0 /* WeCanDoIt_100_0_6.png */ = {isa = PBXFileReference; lastKnownFileType = image.png; path = WeCanDoIt_100_0_6.png; sourceTree = "<group>"; };
		CEF80F6C166326DC00621CF0 /* WeCanDoIt_100_0_7.png */ = {isa = PBXFileReference; lastKnownFileType = image.png; path = WeCanDoIt_100_0_7.png; sourceTree = "<group>"; };
		CEF80F6D166326DC00621CF0 /* WeCanDoIt_100_0_8.png */ = {isa = PBXFileReference; lastKnownFileType = image.png; path = WeCanDoIt_100_0_8.png; sourceTree = "<group>"; };
		CEF80F6E166326DC00621CF0 /* WeCanDoIt_100_0_9.png */ = {isa = PBXFileReference; lastKnownFileType = image.png; path = WeCanDoIt_100_0_9.png; sourceTree = "<group>"; };
		CEF80F6F166326DC00621CF0 /* WeCanDoIt_100_1_0.png */ = {isa = PBXFileReference; lastKnownFileType = image.png; path = WeCanDoIt_100_1_0.png; sourceTree = "<group>"; };
		CEF80F70166326DC00621CF0 /* WeCanDoIt_100_1_1.png */ = {isa = PBXFileReference; lastKnownFileType = image.png; path = WeCanDoIt_100_1_1.png; sourceTree = "<group>"; };
		CEF80F71166326DC00621CF0 /* WeCanDoIt_100_1_2.png */ = {isa = PBXFileReference; lastKnownFileType = image.png; path = WeCanDoIt_100_1_2.png; sourceTree = "<group>"; };
		CEF80F72166326DC00621CF0 /* WeCanDoIt_100_1_3.png */ = {isa = PBXFileReference; lastKnownFileType = image.png; path = WeCanDoIt_100_1_3.png; sourceTree = "<group>"; };
		CEF80F73166326DC00621CF0 /* WeCanDoIt_100_1_4.png */ = {isa = PBXFileReference; lastKnownFileType = image.png; path = WeCanDoIt_100_1_4.png; sourceTree = "<group>"; };
		CEF80F74166326DC00621CF0 /* WeCanDoIt_100_1_5.png */ = {isa = PBXFileReference; lastKnownFileType = image.png; path = WeCanDoIt_100_1_5.png; sourceTree = "<group>"; };
		CEF80F75166326DC00621CF0 /* WeCanDoIt_100_1_6.png */ = {isa = PBXFileReference; lastKnownFileType = image.png; path = WeCanDoIt_100_1_6.png; sourceTree = "<group>"; };
		CEF80F76166326DC00621CF0 /* WeCanDoIt_100_1_7.png */ = {isa = PBXFileReference; lastKnownFileType = image.png; path = WeCanDoIt_100_1_7.png; sourceTree = "<group>"; };
		CEF80F77166326DC00621CF0 /* WeCanDoIt_100_1_8.png */ = {isa = PBXFileReference; lastKnownFileType = image.png; path = WeCanDoIt_100_1_8.png; sourceTree = "<group>"; };
		CEF80F78166326DC00621CF0 /* WeCanDoIt_100_1_9.png */ = {isa = PBXFileReference; lastKnownFileType = image.png; path = WeCanDoIt_100_1_9.png; sourceTree = "<group>"; };
		CEF80F79166326DC00621CF0 /* WeCanDoIt_100_2_0.png */ = {isa = PBXFileReference; lastKnownFileType = image.png; path = WeCanDoIt_100_2_0.png; sourceTree = "<group>"; };
		CEF80F7A166326DC00621CF0 /* WeCanDoIt_100_2_1.png */ = {isa = PBXFileReference; lastKnownFileType = image.png; path = WeCanDoIt_100_2_1.png; sourceTree = "<group>"; };
		CEF80F7B166326DC00621CF0 /* WeCanDoIt_100_2_2.png */ = {isa = PBXFileReference; lastKnownFileType = image.png; path = WeCanDoIt_100_2_2.png; sourceTree = "<group>"; };
		CEF80F7C166326DC00621CF0 /* WeCanDoIt_100_2_3.png */ = {isa = PBXFileReference; lastKnownFileType = image.png; path = WeCanDoIt_100_2_3.png; sourceTree = "<group>"; };
		CEF80F7D166326DC00621CF0 /* WeCanDoIt_100_2_4.png */ = {isa = PBXFileReference; lastKnownFileType = image.png; path = WeCanDoIt_100_2_4.png; sourceTree = "<group>"; };
		CEF80F7E166326DC00621CF0 /* WeCanDoIt_100_2_5.png */ = {isa = PBXFileReference; lastKnownFileType = image.png; path = WeCanDoIt_100_2_5.png; sourceTree = "<group>"; };
		CEF80F7F166326DC00621CF0 /* WeCanDoIt_100_2_6.png */ = {isa = PBXFileReference; lastKnownFileType = image.png; path = WeCanDoIt_100_2_6.png; sourceTree = "<group>"; };
		CEF80F80166326DC00621CF0 /* WeCanDoIt_100_2_7.png */ = {isa = PBXFileReference; lastKnownFileType = image.png; path = WeCanDoIt_100_2_7.png; sourceTree = "<group>"; };
		CEF80F81166326DC00621CF0 /* WeCanDoIt_100_2_8.png */ = {isa = PBXFileReference; lastKnownFileType = image.png; path = WeCanDoIt_100_2_8.png; sourceTree = "<group>"; };
		CEF80F82166326DC00621CF0 /* WeCanDoIt_100_2_9.png */ = {isa = PBXFileReference; lastKnownFileType = image.png; path = WeCanDoIt_100_2_9.png; sourceTree = "<group>"; };
		CEF80F83166326DC00621CF0 /* WeCanDoIt_100_3_0.png */ = {isa = PBXFileReference; lastKnownFileType = image.png; path = WeCanDoIt_100_3_0.png; sourceTree = "<group>"; };
		CEF80F84166326DC00621CF0 /* WeCanDoIt_100_3_1.png */ = {isa = PBXFileReference; lastKnownFileType = image.png; path = WeCanDoIt_100_3_1.png; sourceTree = "<group>"; };
		CEF80F85166326DC00621CF0 /* WeCanDoIt_100_3_2.png */ = {isa = PBXFileReference; lastKnownFileType = image.png; path = WeCanDoIt_100_3_2.png; sourceTree = "<group>"; };
		CEF80F86166326DC00621CF0 /* WeCanDoIt_100_3_3.png */ = {isa = PBXFileReference; lastKnownFileType = image.png; path = WeCanDoIt_100_3_3.png; sourceTree = "<group>"; };
		CEF80F87166326DC00621CF0 /* WeCanDoIt_100_3_4.png */ = {isa = PBXFileReference; lastKnownFileType = image.png; path = WeCanDoIt_100_3_4.png; sourceTree = "<group>"; };
		CEF80F88166326DC00621CF0 /* WeCanDoIt_100_3_5.png */ = {isa = PBXFileReference; lastKnownFileType = image.png; path = WeCanDoIt_100_3_5.png; sourceTree = "<group>"; };
		CEF80F89166326DC00621CF0 /* WeCanDoIt_100_3_6.png */ = {isa = PBXFileReference; lastKnownFileType = image.png; path = WeCanDoIt_100_3_6.png; sourceTree = "<group>"; };
		CEF80F8A166326DC00621CF0 /* WeCanDoIt_100_3_7.png */ = {isa = PBXFileReference; lastKnownFileType = image.png; path = WeCanDoIt_100_3_7.png; sourceTree = "<group>"; };
		CEF80F8B166326DC00621CF0 /* WeCanDoIt_100_3_8.png */ = {isa = PBXFileReference; lastKnownFileType = image.png; path = WeCanDoIt_100_3_8.png; sourceTree = "<group>"; };
		CEF80F8C166326DC00621CF0 /* WeCanDoIt_100_3_9.png */ = {isa = PBXFileReference; lastKnownFileType = image.png; path = WeCanDoIt_100_3_9.png; sourceTree = "<group>"; };
		CEF80F8D166326DC00621CF0 /* WeCanDoIt_100_4_0.png */ = {isa = PBXFileReference; lastKnownFileType = image.png; path = WeCanDoIt_100_4_0.png; sourceTree = "<group>"; };
		CEF80F8E166326DC00621CF0 /* WeCanDoIt_100_4_1.png */ = {isa = PBXFileReference; lastKnownFileType = image.png; path = WeCanDoIt_100_4_1.png; sourceTree = "<group>"; };
		CEF80F8F166326DC00621CF0 /* WeCanDoIt_100_4_2.png */ = {isa = PBXFileReference; lastKnownFileType = image.png; path = WeCanDoIt_100_4_2.png; sourceTree = "<group>"; };
		CEF80F90166326DC00621CF0 /* WeCanDoIt_100_4_3.png */ = {isa = PBXFileReference; lastKnownFileType = image.png; path = WeCanDoIt_100_4_3.png; sourceTree = "<group>"; };
		CEF80F91166326DC00621CF0 /* WeCanDoIt_100_4_4.png */ = {isa = PBXFileReference; lastKnownFileType = image.png; path = WeCanDoIt_100_4_4.png; sourceTree = "<group>"; };
		CEF80F92166326DC00621CF0 /* WeCanDoIt_100_4_5.png */ = {isa = PBXFileReference; lastKnownFileType = image.png; path = WeCanDoIt_100_4_5.png; sourceTree = "<group>"; };
		CEF80F93166326DC00621CF0 /* WeCanDoIt_100_4_6.png */ = {isa = PBXFileReference; lastKnownFileType = image.png; path = WeCanDoIt_100_4_6.png; sourceTree = "<group>"; };
		CEF80F94166326DC00621CF0 /* WeCanDoIt_100_4_7.png */ = {isa = PBXFileReference; lastKnownFileType = image.png; path = WeCanDoIt_100_4_7.png; sourceTree = "<group>"; };
		CEF80F95166326DC00621CF0 /* WeCanDoIt_100_4_8.png */ = {isa = PBXFileReference; lastKnownFileType = image.png; path = WeCanDoIt_100_4_8.png; sourceTree = "<group>"; };
		CEF80F96166326DC00621CF0 /* WeCanDoIt_100_4_9.png */ = {isa = PBXFileReference; lastKnownFileType = image.png; path = WeCanDoIt_100_4_9.png; sourceTree = "<group>"; };
		CEF80F97166326DC00621CF0 /* WeCanDoIt_100_5_0.png */ = {isa = PBXFileReference; lastKnownFileType = image.png; path = WeCanDoIt_100_5_0.png; sourceTree = "<group>"; };
		CEF80F98166326DC00621CF0 /* WeCanDoIt_100_5_1.png */ = {isa = PBXFileReference; lastKnownFileType = image.png; path = WeCanDoIt_100_5_1.png; sourceTree = "<group>"; };
		CEF80F99166326DC00621CF0 /* WeCanDoIt_100_5_2.png */ = {isa = PBXFileReference; lastKnownFileType = image.png; path = WeCanDoIt_100_5_2.png; sourceTree = "<group>"; };
		CEF80F9A166326DC00621CF0 /* WeCanDoIt_100_5_3.png */ = {isa = PBXFileReference; lastKnownFileType = image.png; path = WeCanDoIt_100_5_3.png; sourceTree = "<group>"; };
		CEF80F9B166326DC00621CF0 /* WeCanDoIt_100_5_4.png */ = {isa = PBXFileReference; lastKnownFileType = image.png; path = WeCanDoIt_100_5_4.png; sourceTree = "<group>"; };
		CEF80F9C166326DC00621CF0 /* WeCanDoIt_100_5_5.png */ = {isa = PBXFileReference; lastKnownFileType = image.png; path = WeCanDoIt_100_5_5.png; sourceTree = "<group>"; };
		CEF80F9D166326DC00621CF0 /* WeCanDoIt_100_5_6.png */ = {isa = PBXFileReference; lastKnownFileType = image.png; path = WeCanDoIt_100_5_6.png; sourceTree = "<group>"; };
		CEF80F9E166326DC00621CF0 /* WeCanDoIt_100_5_7.png */ = {isa = PBXFileReference; lastKnownFileType = image.png; path = WeCanDoIt_100_5_7.png; sourceTree = "<group>"; };
		CEF80F9F166326DC00621CF0 /* WeCanDoIt_100_5_8.png */ = {isa = PBXFileReference; lastKnownFileType = image.png; path = WeCanDoIt_100_5_8.png; sourceTree = "<group>"; };
		CEF80FA0166326DC00621CF0 /* WeCanDoIt_100_5_9.png */ = {isa = PBXFileReference; lastKnownFileType = image.png; path = WeCanDoIt_100_5_9.png; sourceTree = "<group>"; };
		CEF80FA1166326DC00621CF0 /* WeCanDoIt_100_6_0.png */ = {isa = PBXFileReference; lastKnownFileType = image.png; path = WeCanDoIt_100_6_0.png; sourceTree = "<group>"; };
		CEF80FA2166326DC00621CF0 /* WeCanDoIt_100_6_1.png */ = {isa = PBXFileReference; lastKnownFileType = image.png; path = WeCanDoIt_100_6_1.png; sourceTree = "<group>"; };
		CEF80FA3166326DC00621CF0 /* WeCanDoIt_100_6_2.png */ = {isa = PBXFileReference; lastKnownFileType = image.png; path = WeCanDoIt_100_6_2.png; sourceTree = "<group>"; };
		CEF80FA4166326DC00621CF0 /* WeCanDoIt_100_6_3.png */ = {isa = PBXFileReference; lastKnownFileType = image.png; path = WeCanDoIt_100_6_3.png; sourceTree = "<group>"; };
		CEF80FA5166326DC00621CF0 /* WeCanDoIt_100_6_4.png */ = {isa = PBXFileReference; lastKnownFileType = image.png; path = WeCanDoIt_100_6_4.png; sourceTree = "<group>"; };
		CEF80FA6166326DC00621CF0 /* WeCanDoIt_100_6_5.png */ = {isa = PBXFileReference; lastKnownFileType = image.png; path = WeCanDoIt_100_6_5.png; sourceTree = "<group>"; };
		CEF80FA7166326DC00621CF0 /* WeCanDoIt_100_6_6.png */ = {isa = PBXFileReference; lastKnownFileType = image.png; path = WeCanDoIt_100_6_6.png; sourceTree = "<group>"; };
		CEF80FA8166326DC00621CF0 /* WeCanDoIt_100_6_7.png */ = {isa = PBXFileReference; lastKnownFileType = image.png; path = WeCanDoIt_100_6_7.png; sourceTree = "<group>"; };
		CEF80FA9166326DC00621CF0 /* WeCanDoIt_100_6_8.png */ = {isa = PBXFileReference; lastKnownFileType = image.png; path = WeCanDoIt_100_6_8.png; sourceTree = "<group>"; };
		CEF80FAA166326DC00621CF0 /* WeCanDoIt_100_6_9.png */ = {isa = PBXFileReference; lastKnownFileType = image.png; path = WeCanDoIt_100_6_9.png; sourceTree = "<group>"; };
/* End PBXFileReference section */

/* Begin PBXFrameworksBuildPhase section */
		CE8096F5165C85BE00B645B4 /* Frameworks */ = {
			isa = PBXFrameworksBuildPhase;
			buildActionMask = 2147483647;
			files = (
				CE8096FD165C85BE00B645B4 /* UIKit.framework in Frameworks */,
				CE8096FF165C85BE00B645B4 /* Foundation.framework in Frameworks */,
				CE809701165C85BE00B645B4 /* CoreGraphics.framework in Frameworks */,
			);
			runOnlyForDeploymentPostprocessing = 0;
		};
/* End PBXFrameworksBuildPhase section */

/* Begin PBXGroup section */
		CE8096ED165C85BE00B645B4 = {
			isa = PBXGroup;
			children = (
				CE809702165C85BE00B645B4 /* EliRemoteIOS */,
				CE8096FB165C85BE00B645B4 /* Frameworks */,
				CE8096F9165C85BE00B645B4 /* Products */,
			);
			sourceTree = "<group>";
		};
		CE8096F9165C85BE00B645B4 /* Products */ = {
			isa = PBXGroup;
			children = (
				CE8096F8165C85BE00B645B4 /* EliRemoteIOS.app */,
			);
			name = Products;
			sourceTree = "<group>";
		};
		CE8096FB165C85BE00B645B4 /* Frameworks */ = {
			isa = PBXGroup;
			children = (
				CE8096FC165C85BE00B645B4 /* UIKit.framework */,
				CE8096FE165C85BE00B645B4 /* Foundation.framework */,
				CE809700165C85BE00B645B4 /* CoreGraphics.framework */,
			);
			name = Frameworks;
			sourceTree = "<group>";
		};
		CE809702165C85BE00B645B4 /* EliRemoteIOS */ = {
			isa = PBXGroup;
			children = (
				CE9D315E166310920012097C /* TapDetectingView.h */,
				CE9D315F166310920012097C /* TapDetectingView.m */,
				CE9D3160166310920012097C /* TiledScrollView.h */,
				CE9D3161166310920012097C /* TiledScrollView.m */,
				CE809720165DDA9F00B645B4 /* MyTreeNode.h */,
				CE809722165DDA9F00B645B4 /* MyTreeViewCell.h */,
				CE80970B165C85BF00B645B4 /* vncAppDelegate.h */,
				CE809726165DDE0800B645B4 /* vncServerListViewController.h */,
				CE9D315A166310020012097C /* vncTiledImageViewController.h */,
				CE809714165C85BF00B645B4 /* vncViewController.h */,
				CE809721165DDA9F00B645B4 /* MyTreeNode.m */,
				CE809723165DDA9F00B645B4 /* MyTreeViewCell.m */,
				CE80970C165C85BF00B645B4 /* vncAppDelegate.m */,
				CE809727165DDE0A00B645B4 /* vncServerListViewController.m */,
				CE9D315B166310020012097C /* vncTiledImageViewController.m */,
				CE809715165C85BF00B645B4 /* vncViewController.m */,
				CE80970E165C85BF00B645B4 /* MainStoryboard_iPhone.storyboard */,
				CE809711165C85BF00B645B4 /* MainStoryboard_iPad.storyboard */,
				CE809703165C85BE00B645B4 /* Supporting Files */,
				CE02126E16647AE900505E02 /* vncTransferViewController.h */,
				CE02126F16647AE900505E02 /* vncTransferViewController.m */,
			);
			path = EliRemoteIOS;
			sourceTree = "<group>";
		};
		CE809703165C85BE00B645B4 /* Supporting Files */ = {
			isa = PBXGroup;
			children = (
				CE809758165DE3AC00B645B4 /* Images */,
				CE809704165C85BE00B645B4 /* EliRemoteIOS-Info.plist */,
				CE809705165C85BE00B645B4 /* InfoPlist.strings */,
				CE809708165C85BF00B645B4 /* main.m */,
				CE80970A165C85BF00B645B4 /* EliRemoteIOS-Prefix.pch */,
			);
			name = "Supporting Files";
			sourceTree = "<group>";
		};
		CE809758165DE3AC00B645B4 /* Images */ = {
			isa = PBXGroup;
			children = (
				CE0212511664790500505E02 /* backbottom.png */,
				CE0212521664790500505E02 /* backup.png */,
				CE0212531664790500505E02 /* check.png */,
				CE0212541664790500505E02 /* client.png */,
				CE0212551664790500505E02 /* copybottom.png */,
				CE0212561664790500505E02 /* copyup.png */,
				CE0212571664790500505E02 /* deletebottom.png */,
				CE0212581664790500505E02 /* deleteup.png */,
				CE0212591664790500505E02 /* folder.png */,
				CE02125A1664790500505E02 /* newbottom.png */,
				CE02125B1664790500505E02 /* newup.png */,
				CE02125C1664790500505E02 /* rename.png */,
				CE02125D1664790500505E02 /* server.png */,
				CE02125E1664790500505E02 /* uncheck.png */,
				CEF80F4B166326DC00621CF0 /* WeCanDoIt_25_0_0.png */,
				CEF80F4C166326DC00621CF0 /* WeCanDoIt_25_0_1.png */,
				CEF80F4D166326DC00621CF0 /* WeCanDoIt_25_0_2.png */,
				CEF80F4E166326DC00621CF0 /* WeCanDoIt_25_1_0.png */,
				CEF80F4F166326DC00621CF0 /* WeCanDoIt_25_1_1.png */,
				CEF80F50166326DC00621CF0 /* WeCanDoIt_25_1_2.png */,
				CEF80F51166326DC00621CF0 /* WeCanDoIt_50_0_0.png */,
				CEF80F52166326DC00621CF0 /* WeCanDoIt_50_0_1.png */,
				CEF80F53166326DC00621CF0 /* WeCanDoIt_50_0_2.png */,
				CEF80F54166326DC00621CF0 /* WeCanDoIt_50_0_3.png */,
				CEF80F55166326DC00621CF0 /* WeCanDoIt_50_0_4.png */,
				CEF80F56166326DC00621CF0 /* WeCanDoIt_50_1_0.png */,
				CEF80F57166326DC00621CF0 /* WeCanDoIt_50_1_1.png */,
				CEF80F58166326DC00621CF0 /* WeCanDoIt_50_1_2.png */,
				CEF80F59166326DC00621CF0 /* WeCanDoIt_50_1_3.png */,
				CEF80F5A166326DC00621CF0 /* WeCanDoIt_50_1_4.png */,
				CEF80F5B166326DC00621CF0 /* WeCanDoIt_50_2_0.png */,
				CEF80F5C166326DC00621CF0 /* WeCanDoIt_50_2_1.png */,
				CEF80F5D166326DC00621CF0 /* WeCanDoIt_50_2_2.png */,
				CEF80F5E166326DC00621CF0 /* WeCanDoIt_50_2_3.png */,
				CEF80F5F166326DC00621CF0 /* WeCanDoIt_50_2_4.png */,
				CEF80F60166326DC00621CF0 /* WeCanDoIt_50_3_0.png */,
				CEF80F61166326DC00621CF0 /* WeCanDoIt_50_3_1.png */,
				CEF80F62166326DC00621CF0 /* WeCanDoIt_50_3_2.png */,
				CEF80F63166326DC00621CF0 /* WeCanDoIt_50_3_3.png */,
				CEF80F64166326DC00621CF0 /* WeCanDoIt_50_3_4.png */,
				CEF80F65166326DC00621CF0 /* WeCanDoIt_100_0_0.png */,
				CEF80F66166326DC00621CF0 /* WeCanDoIt_100_0_1.png */,
				CEF80F67166326DC00621CF0 /* WeCanDoIt_100_0_2.png */,
				CEF80F68166326DC00621CF0 /* WeCanDoIt_100_0_3.png */,
				CEF80F69166326DC00621CF0 /* WeCanDoIt_100_0_4.png */,
				CEF80F6A166326DC00621CF0 /* WeCanDoIt_100_0_5.png */,
				CEF80F6B166326DC00621CF0 /* WeCanDoIt_100_0_6.png */,
				CEF80F6C166326DC00621CF0 /* WeCanDoIt_100_0_7.png */,
				CEF80F6D166326DC00621CF0 /* WeCanDoIt_100_0_8.png */,
				CEF80F6E166326DC00621CF0 /* WeCanDoIt_100_0_9.png */,
				CEF80F6F166326DC00621CF0 /* WeCanDoIt_100_1_0.png */,
				CEF80F70166326DC00621CF0 /* WeCanDoIt_100_1_1.png */,
				CEF80F71166326DC00621CF0 /* WeCanDoIt_100_1_2.png */,
				CEF80F72166326DC00621CF0 /* WeCanDoIt_100_1_3.png */,
				CEF80F73166326DC00621CF0 /* WeCanDoIt_100_1_4.png */,
				CEF80F74166326DC00621CF0 /* WeCanDoIt_100_1_5.png */,
				CEF80F75166326DC00621CF0 /* WeCanDoIt_100_1_6.png */,
				CEF80F76166326DC00621CF0 /* WeCanDoIt_100_1_7.png */,
				CEF80F77166326DC00621CF0 /* WeCanDoIt_100_1_8.png */,
				CEF80F78166326DC00621CF0 /* WeCanDoIt_100_1_9.png */,
				CEF80F79166326DC00621CF0 /* WeCanDoIt_100_2_0.png */,
				CEF80F7A166326DC00621CF0 /* WeCanDoIt_100_2_1.png */,
				CEF80F7B166326DC00621CF0 /* WeCanDoIt_100_2_2.png */,
				CEF80F7C166326DC00621CF0 /* WeCanDoIt_100_2_3.png */,
				CEF80F7D166326DC00621CF0 /* WeCanDoIt_100_2_4.png */,
				CEF80F7E166326DC00621CF0 /* WeCanDoIt_100_2_5.png */,
				CEF80F7F166326DC00621CF0 /* WeCanDoIt_100_2_6.png */,
				CEF80F80166326DC00621CF0 /* WeCanDoIt_100_2_7.png */,
				CEF80F81166326DC00621CF0 /* WeCanDoIt_100_2_8.png */,
				CEF80F82166326DC00621CF0 /* WeCanDoIt_100_2_9.png */,
				CEF80F83166326DC00621CF0 /* WeCanDoIt_100_3_0.png */,
				CEF80F84166326DC00621CF0 /* WeCanDoIt_100_3_1.png */,
				CEF80F85166326DC00621CF0 /* WeCanDoIt_100_3_2.png */,
				CEF80F86166326DC00621CF0 /* WeCanDoIt_100_3_3.png */,
				CEF80F87166326DC00621CF0 /* WeCanDoIt_100_3_4.png */,
				CEF80F88166326DC00621CF0 /* WeCanDoIt_100_3_5.png */,
				CEF80F89166326DC00621CF0 /* WeCanDoIt_100_3_6.png */,
				CEF80F8A166326DC00621CF0 /* WeCanDoIt_100_3_7.png */,
				CEF80F8B166326DC00621CF0 /* WeCanDoIt_100_3_8.png */,
				CEF80F8C166326DC00621CF0 /* WeCanDoIt_100_3_9.png */,
				CEF80F8D166326DC00621CF0 /* WeCanDoIt_100_4_0.png */,
				CEF80F8E166326DC00621CF0 /* WeCanDoIt_100_4_1.png */,
				CEF80F8F166326DC00621CF0 /* WeCanDoIt_100_4_2.png */,
				CEF80F90166326DC00621CF0 /* WeCanDoIt_100_4_3.png */,
				CEF80F91166326DC00621CF0 /* WeCanDoIt_100_4_4.png */,
				CEF80F92166326DC00621CF0 /* WeCanDoIt_100_4_5.png */,
				CEF80F93166326DC00621CF0 /* WeCanDoIt_100_4_6.png */,
				CEF80F94166326DC00621CF0 /* WeCanDoIt_100_4_7.png */,
				CEF80F95166326DC00621CF0 /* WeCanDoIt_100_4_8.png */,
				CEF80F96166326DC00621CF0 /* WeCanDoIt_100_4_9.png */,
				CEF80F97166326DC00621CF0 /* WeCanDoIt_100_5_0.png */,
				CEF80F98166326DC00621CF0 /* WeCanDoIt_100_5_1.png */,
				CEF80F99166326DC00621CF0 /* WeCanDoIt_100_5_2.png */,
				CEF80F9A166326DC00621CF0 /* WeCanDoIt_100_5_3.png */,
				CEF80F9B166326DC00621CF0 /* WeCanDoIt_100_5_4.png */,
				CEF80F9C166326DC00621CF0 /* WeCanDoIt_100_5_5.png */,
				CEF80F9D166326DC00621CF0 /* WeCanDoIt_100_5_6.png */,
				CEF80F9E166326DC00621CF0 /* WeCanDoIt_100_5_7.png */,
				CEF80F9F166326DC00621CF0 /* WeCanDoIt_100_5_8.png */,
				CEF80FA0166326DC00621CF0 /* WeCanDoIt_100_5_9.png */,
				CEF80FA1166326DC00621CF0 /* WeCanDoIt_100_6_0.png */,
				CEF80FA2166326DC00621CF0 /* WeCanDoIt_100_6_1.png */,
				CEF80FA3166326DC00621CF0 /* WeCanDoIt_100_6_2.png */,
				CEF80FA4166326DC00621CF0 /* WeCanDoIt_100_6_3.png */,
				CEF80FA5166326DC00621CF0 /* WeCanDoIt_100_6_4.png */,
				CEF80FA6166326DC00621CF0 /* WeCanDoIt_100_6_5.png */,
				CEF80FA7166326DC00621CF0 /* WeCanDoIt_100_6_6.png */,
				CEF80FA8166326DC00621CF0 /* WeCanDoIt_100_6_7.png */,
				CEF80FA9166326DC00621CF0 /* WeCanDoIt_100_6_8.png */,
				CEF80FAA166326DC00621CF0 /* WeCanDoIt_100_6_9.png */,
				CE809759165DE3AC00B645B4 /* CircleArrowDown_sml.png */,
				CE80975A165DE3AC00B645B4 /* CircleArrowRight_sml.png */,
			);
			path = Images;
			sourceTree = "<group>";
		};
/* End PBXGroup section */

/* Begin PBXNativeTarget section */
		CE8096F7165C85BE00B645B4 /* EliRemoteIOS */ = {
			isa = PBXNativeTarget;
			buildConfigurationList = CE809719165C85BF00B645B4 /* Build configuration list for PBXNativeTarget "EliRemoteIOS" */;
			buildPhases = (
				CE8096F4165C85BE00B645B4 /* Sources */,
				CE8096F5165C85BE00B645B4 /* Frameworks */,
				CE8096F6165C85BE00B645B4 /* Resources */,
			);
			buildRules = (
			);
			dependencies = (
			);
			name = EliRemoteIOS;
			productName = EliRemoteIOS;
			productReference = CE8096F8165C85BE00B645B4 /* EliRemoteIOS.app */;
			productType = "com.apple.product-type.application";
		};
/* End PBXNativeTarget section */

/* Begin PBXProject section */
		CE8096EF165C85BE00B645B4 /* Project object */ = {
			isa = PBXProject;
			attributes = {
				LastUpgradeCheck = 0420;
			};
			buildConfigurationList = CE8096F2165C85BE00B645B4 /* Build configuration list for PBXProject "EliRemoteIOS" */;
			compatibilityVersion = "Xcode 3.2";
			developmentRegion = English;
			hasScannedForEncodings = 0;
			knownRegions = (
				en,
			);
			mainGroup = CE8096ED165C85BE00B645B4;
			productRefGroup = CE8096F9165C85BE00B645B4 /* Products */;
			projectDirPath = "";
			projectRoot = "";
			targets = (
				CE8096F7165C85BE00B645B4 /* EliRemoteIOS */,
			);
		};
/* End PBXProject section */

/* Begin PBXResourcesBuildPhase section */
		CE8096F6165C85BE00B645B4 /* Resources */ = {
			isa = PBXResourcesBuildPhase;
			buildActionMask = 2147483647;
			files = (
				CE809707165C85BE00B645B4 /* InfoPlist.strings in Resources */,
				CE809710165C85BF00B645B4 /* MainStoryboard_iPhone.storyboard in Resources */,
				CE809713165C85BF00B645B4 /* MainStoryboard_iPad.storyboard in Resources */,
				CE80975B165DE3AC00B645B4 /* CircleArrowDown_sml.png in Resources */,
				CE80975C165DE3AC00B645B4 /* CircleArrowRight_sml.png in Resources */,
				CEF80FAB166326DC00621CF0 /* WeCanDoIt_25_0_0.png in Resources */,
				CEF80FAC166326DC00621CF0 /* WeCanDoIt_25_0_1.png in Resources */,
				CEF80FAD166326DC00621CF0 /* WeCanDoIt_25_0_2.png in Resources */,
				CEF80FAE166326DC00621CF0 /* WeCanDoIt_25_1_0.png in Resources */,
				CEF80FAF166326DC00621CF0 /* WeCanDoIt_25_1_1.png in Resources */,
				CEF80FB0166326DC00621CF0 /* WeCanDoIt_25_1_2.png in Resources */,
				CEF80FB1166326DC00621CF0 /* WeCanDoIt_50_0_0.png in Resources */,
				CEF80FB2166326DC00621CF0 /* WeCanDoIt_50_0_1.png in Resources */,
				CEF80FB3166326DC00621CF0 /* WeCanDoIt_50_0_2.png in Resources */,
				CEF80FB4166326DC00621CF0 /* WeCanDoIt_50_0_3.png in Resources */,
				CEF80FB5166326DC00621CF0 /* WeCanDoIt_50_0_4.png in Resources */,
				CEF80FB6166326DC00621CF0 /* WeCanDoIt_50_1_0.png in Resources */,
				CEF80FB7166326DC00621CF0 /* WeCanDoIt_50_1_1.png in Resources */,
				CEF80FB8166326DC00621CF0 /* WeCanDoIt_50_1_2.png in Resources */,
				CEF80FB9166326DC00621CF0 /* WeCanDoIt_50_1_3.png in Resources */,
				CEF80FBA166326DC00621CF0 /* WeCanDoIt_50_1_4.png in Resources */,
				CEF80FBB166326DC00621CF0 /* WeCanDoIt_50_2_0.png in Resources */,
				CEF80FBC166326DC00621CF0 /* WeCanDoIt_50_2_1.png in Resources */,
				CEF80FBD166326DC00621CF0 /* WeCanDoIt_50_2_2.png in Resources */,
				CEF80FBE166326DC00621CF0 /* WeCanDoIt_50_2_3.png in Resources */,
				CEF80FBF166326DC00621CF0 /* WeCanDoIt_50_2_4.png in Resources */,
				CEF80FC0166326DC00621CF0 /* WeCanDoIt_50_3_0.png in Resources */,
				CEF80FC1166326DC00621CF0 /* WeCanDoIt_50_3_1.png in Resources */,
				CEF80FC2166326DC00621CF0 /* WeCanDoIt_50_3_2.png in Resources */,
				CEF80FC3166326DC00621CF0 /* WeCanDoIt_50_3_3.png in Resources */,
				CEF80FC4166326DC00621CF0 /* WeCanDoIt_50_3_4.png in Resources */,
				CEF80FC5166326DC00621CF0 /* WeCanDoIt_100_0_0.png in Resources */,
				CEF80FC6166326DC00621CF0 /* WeCanDoIt_100_0_1.png in Resources */,
				CEF80FC7166326DC00621CF0 /* WeCanDoIt_100_0_2.png in Resources */,
				CEF80FC8166326DC00621CF0 /* WeCanDoIt_100_0_3.png in Resources */,
				CEF80FC9166326DC00621CF0 /* WeCanDoIt_100_0_4.png in Resources */,
				CEF80FCA166326DC00621CF0 /* WeCanDoIt_100_0_5.png in Resources */,
				CEF80FCB166326DC00621CF0 /* WeCanDoIt_100_0_6.png in Resources */,
				CEF80FCC166326DC00621CF0 /* WeCanDoIt_100_0_7.png in Resources */,
				CEF80FCD166326DC00621CF0 /* WeCanDoIt_100_0_8.png in Resources */,
				CEF80FCE166326DC00621CF0 /* WeCanDoIt_100_0_9.png in Resources */,
				CEF80FCF166326DC00621CF0 /* WeCanDoIt_100_1_0.png in Resources */,
				CEF80FD0166326DC00621CF0 /* WeCanDoIt_100_1_1.png in Resources */,
				CEF80FD1166326DC00621CF0 /* WeCanDoIt_100_1_2.png in Resources */,
				CEF80FD2166326DC00621CF0 /* WeCanDoIt_100_1_3.png in Resources */,
				CEF80FD3166326DC00621CF0 /* WeCanDoIt_100_1_4.png in Resources */,
				CEF80FD4166326DC00621CF0 /* WeCanDoIt_100_1_5.png in Resources */,
				CEF80FD5166326DC00621CF0 /* WeCanDoIt_100_1_6.png in Resources */,
				CEF80FD6166326DC00621CF0 /* WeCanDoIt_100_1_7.png in Resources */,
				CEF80FD7166326DC00621CF0 /* WeCanDoIt_100_1_8.png in Resources */,
				CEF80FD8166326DC00621CF0 /* WeCanDoIt_100_1_9.png in Resources */,
				CEF80FD9166326DC00621CF0 /* WeCanDoIt_100_2_0.png in Resources */,
				CEF80FDA166326DC00621CF0 /* WeCanDoIt_100_2_1.png in Resources */,
				CEF80FDB166326DC00621CF0 /* WeCanDoIt_100_2_2.png in Resources */,
				CEF80FDC166326DC00621CF0 /* WeCanDoIt_100_2_3.png in Resources */,
				CEF80FDD166326DC00621CF0 /* WeCanDoIt_100_2_4.png in Resources */,
				CEF80FDE166326DC00621CF0 /* WeCanDoIt_100_2_5.png in Resources */,
				CEF80FDF166326DC00621CF0 /* WeCanDoIt_100_2_6.png in Resources */,
				CEF80FE0166326DC00621CF0 /* WeCanDoIt_100_2_7.png in Resources */,
				CEF80FE1166326DC00621CF0 /* WeCanDoIt_100_2_8.png in Resources */,
				CEF80FE2166326DC00621CF0 /* WeCanDoIt_100_2_9.png in Resources */,
				CEF80FE3166326DC00621CF0 /* WeCanDoIt_100_3_0.png in Resources */,
				CEF80FE4166326DC00621CF0 /* WeCanDoIt_100_3_1.png in Resources */,
				CEF80FE5166326DC00621CF0 /* WeCanDoIt_100_3_2.png in Resources */,
				CEF80FE6166326DC00621CF0 /* WeCanDoIt_100_3_3.png in Resources */,
				CEF80FE7166326DC00621CF0 /* WeCanDoIt_100_3_4.png in Resources */,
				CEF80FE8166326DC00621CF0 /* WeCanDoIt_100_3_5.png in Resources */,
				CEF80FE9166326DC00621CF0 /* WeCanDoIt_100_3_6.png in Resources */,
				CEF80FEA166326DC00621CF0 /* WeCanDoIt_100_3_7.png in Resources */,
				CEF80FEB166326DC00621CF0 /* WeCanDoIt_100_3_8.png in Resources */,
				CEF80FEC166326DC00621CF0 /* WeCanDoIt_100_3_9.png in Resources */,
				CEF80FED166326DC00621CF0 /* WeCanDoIt_100_4_0.png in Resources */,
				CEF80FEE166326DC00621CF0 /* WeCanDoIt_100_4_1.png in Resources */,
				CEF80FEF166326DC00621CF0 /* WeCanDoIt_100_4_2.png in Resources */,
				CEF80FF0166326DC00621CF0 /* WeCanDoIt_100_4_3.png in Resources */,
				CEF80FF1166326DC00621CF0 /* WeCanDoIt_100_4_4.png in Resources */,
				CEF80FF2166326DC00621CF0 /* WeCanDoIt_100_4_5.png in Resources */,
				CEF80FF3166326DC00621CF0 /* WeCanDoIt_100_4_6.png in Resources */,
				CEF80FF4166326DC00621CF0 /* WeCanDoIt_100_4_7.png in Resources */,
				CEF80FF5166326DC00621CF0 /* WeCanDoIt_100_4_8.png in Resources */,
				CEF80FF6166326DC00621CF0 /* WeCanDoIt_100_4_9.png in Resources */,
				CEF80FF7166326DC00621CF0 /* WeCanDoIt_100_5_0.png in Resources */,
				CEF80FF8166326DC00621CF0 /* WeCanDoIt_100_5_1.png in Resources */,
				CEF80FF9166326DC00621CF0 /* WeCanDoIt_100_5_2.png in Resources */,
				CEF80FFA166326DC00621CF0 /* WeCanDoIt_100_5_3.png in Resources */,
				CEF80FFB166326DC00621CF0 /* WeCanDoIt_100_5_4.png in Resources */,
				CEF80FFC166326DC00621CF0 /* WeCanDoIt_100_5_5.png in Resources */,
				CEF80FFD166326DC00621CF0 /* WeCanDoIt_100_5_6.png in Resources */,
				CEF80FFE166326DC00621CF0 /* WeCanDoIt_100_5_7.png in Resources */,
				CEF80FFF166326DC00621CF0 /* WeCanDoIt_100_5_8.png in Resources */,
				CEF81000166326DC00621CF0 /* WeCanDoIt_100_5_9.png in Resources */,
				CEF81001166326DC00621CF0 /* WeCanDoIt_100_6_0.png in Resources */,
				CEF81002166326DC00621CF0 /* WeCanDoIt_100_6_1.png in Resources */,
				CEF81003166326DC00621CF0 /* WeCanDoIt_100_6_2.png in Resources */,
				CEF81004166326DC00621CF0 /* WeCanDoIt_100_6_3.png in Resources */,
				CEF81005166326DC00621CF0 /* WeCanDoIt_100_6_4.png in Resources */,
				CEF81006166326DC00621CF0 /* WeCanDoIt_100_6_5.png in Resources */,
				CEF81007166326DC00621CF0 /* WeCanDoIt_100_6_6.png in Resources */,
				CEF81008166326DC00621CF0 /* WeCanDoIt_100_6_7.png in Resources */,
				CEF81009166326DC00621CF0 /* WeCanDoIt_100_6_8.png in Resources */,
				CEF8100A166326DC00621CF0 /* WeCanDoIt_100_6_9.png in Resources */,
				CE02125F1664790500505E02 /* backbottom.png in Resources */,
				CE0212601664790500505E02 /* backup.png in Resources */,
				CE0212611664790500505E02 /* check.png in Resources */,
				CE0212621664790500505E02 /* client.png in Resources */,
				CE0212631664790500505E02 /* copybottom.png in Resources */,
				CE0212641664790500505E02 /* copyup.png in Resources */,
				CE0212651664790500505E02 /* deletebottom.png in Resources */,
				CE0212661664790500505E02 /* deleteup.png in Resources */,
				CE0212671664790500505E02 /* folder.png in Resources */,
				CE0212681664790500505E02 /* newbottom.png in Resources */,
				CE0212691664790500505E02 /* newup.png in Resources */,
				CE02126A1664790500505E02 /* rename.png in Resources */,
				CE02126B1664790500505E02 /* server.png in Resources */,
				CE02126C1664790500505E02 /* uncheck.png in Resources */,
			);
			runOnlyForDeploymentPostprocessing = 0;
		};
/* End PBXResourcesBuildPhase section */

/* Begin PBXSourcesBuildPhase section */
		CE8096F4165C85BE00B645B4 /* Sources */ = {
			isa = PBXSourcesBuildPhase;
			buildActionMask = 2147483647;
			files = (
				CE809709165C85BF00B645B4 /* main.m in Sources */,
				CE80970D165C85BF00B645B4 /* vncAppDelegate.m in Sources */,
				CE809716165C85BF00B645B4 /* vncViewController.m in Sources */,
				CE809724165DDA9F00B645B4 /* MyTreeNode.m in Sources */,
				CE809725165DDA9F00B645B4 /* MyTreeViewCell.m in Sources */,
				CE809728165DDE0F00B645B4 /* vncServerListViewController.m in Sources */,
				CE9D315C166310020012097C /* vncTiledImageViewController.m in Sources */,
				CE9D3162166310920012097C /* TapDetectingView.m in Sources */,
				CE9D3163166310920012097C /* TiledScrollView.m in Sources */,
				CE02127016647AEA00505E02 /* vncTransferViewController.m in Sources */,
			);
			runOnlyForDeploymentPostprocessing = 0;
		};
/* End PBXSourcesBuildPhase section */

/* Begin PBXVariantGroup section */
		CE809705165C85BE00B645B4 /* InfoPlist.strings */ = {
			isa = PBXVariantGroup;
			children = (
				CE809706165C85BE00B645B4 /* en */,
			);
			name = InfoPlist.strings;
			sourceTree = "<group>";
		};
		CE80970E165C85BF00B645B4 /* MainStoryboard_iPhone.storyboard */ = {
			isa = PBXVariantGroup;
			children = (
				CE80970F165C85BF00B645B4 /* en */,
			);
			name = MainStoryboard_iPhone.storyboard;
			sourceTree = "<group>";
		};
		CE809711165C85BF00B645B4 /* MainStoryboard_iPad.storyboard */ = {
			isa = PBXVariantGroup;
			children = (
				CE809712165C85BF00B645B4 /* en */,
			);
			name = MainStoryboard_iPad.storyboard;
			sourceTree = "<group>";
		};
/* End PBXVariantGroup section */

/* Begin XCBuildConfiguration section */
		CE809717165C85BF00B645B4 /* Debug */ = {
			isa = XCBuildConfiguration;
			buildSettings = {
				ALWAYS_SEARCH_USER_PATHS = NO;
				ARCHS = "$(ARCHS_STANDARD_32_BIT)";
				CLANG_ENABLE_OBJC_ARC = YES;
				"CODE_SIGN_IDENTITY[sdk=iphoneos*]" = "iPhone Developer";
				COPY_PHASE_STRIP = NO;
				GCC_C_LANGUAGE_STANDARD = gnu99;
				GCC_DYNAMIC_NO_PIC = NO;
				GCC_OPTIMIZATION_LEVEL = 0;
				GCC_PREPROCESSOR_DEFINITIONS = (
					"DEBUG=1",
					"$(inherited)",
				);
				GCC_SYMBOLS_PRIVATE_EXTERN = NO;
				GCC_VERSION = com.apple.compilers.llvm.clang.1_0;
				GCC_WARN_ABOUT_MISSING_PROTOTYPES = YES;
				GCC_WARN_ABOUT_RETURN_TYPE = YES;
				GCC_WARN_UNUSED_VARIABLE = YES;
				IPHONEOS_DEPLOYMENT_TARGET = 5.0;
				SDKROOT = iphoneos;
				TARGETED_DEVICE_FAMILY = "1,2";
			};
			name = Debug;
		};
		CE809718165C85BF00B645B4 /* Release */ = {
			isa = XCBuildConfiguration;
			buildSettings = {
				ALWAYS_SEARCH_USER_PATHS = NO;
				ARCHS = "$(ARCHS_STANDARD_32_BIT)";
				CLANG_ENABLE_OBJC_ARC = YES;
				"CODE_SIGN_IDENTITY[sdk=iphoneos*]" = "iPhone Developer";
				COPY_PHASE_STRIP = YES;
				GCC_C_LANGUAGE_STANDARD = gnu99;
				GCC_VERSION = com.apple.compilers.llvm.clang.1_0;
				GCC_WARN_ABOUT_MISSING_PROTOTYPES = YES;
				GCC_WARN_ABOUT_RETURN_TYPE = YES;
				GCC_WARN_UNUSED_VARIABLE = YES;
				IPHONEOS_DEPLOYMENT_TARGET = 5.0;
				OTHER_CFLAGS = "-DNS_BLOCK_ASSERTIONS=1";
				SDKROOT = iphoneos;
				TARGETED_DEVICE_FAMILY = "1,2";
				VALIDATE_PRODUCT = YES;
			};
			name = Release;
		};
		CE80971A165C85BF00B645B4 /* Debug */ = {
			isa = XCBuildConfiguration;
			buildSettings = {
				GCC_PRECOMPILE_PREFIX_HEADER = YES;
				GCC_PREFIX_HEADER = "EliRemoteIOS/EliRemoteIOS-Prefix.pch";
				INFOPLIST_FILE = "EliRemoteIOS/EliRemoteIOS-Info.plist";
				PRODUCT_NAME = "$(TARGET_NAME)";
				WRAPPER_EXTENSION = app;
			};
			name = Debug;
		};
		CE80971B165C85BF00B645B4 /* Release */ = {
			isa = XCBuildConfiguration;
			buildSettings = {
				GCC_PRECOMPILE_PREFIX_HEADER = YES;
				GCC_PREFIX_HEADER = "EliRemoteIOS/EliRemoteIOS-Prefix.pch";
				INFOPLIST_FILE = "EliRemoteIOS/EliRemoteIOS-Info.plist";
				PRODUCT_NAME = "$(TARGET_NAME)";
				WRAPPER_EXTENSION = app;
			};
			name = Release;
		};
/* End XCBuildConfiguration section */

/* Begin XCConfigurationList section */
		CE8096F2165C85BE00B645B4 /* Build configuration list for PBXProject "EliRemoteIOS" */ = {
			isa = XCConfigurationList;
			buildConfigurations = (
				CE809717165C85BF00B645B4 /* Debug */,
				CE809718165C85BF00B645B4 /* Release */,
			);
			defaultConfigurationIsVisible = 0;
			defaultConfigurationName = Release;
		};
		CE809719165C85BF00B645B4 /* Build configuration list for PBXNativeTarget "EliRemoteIOS" */ = {
			isa = XCConfigurationList;
			buildConfigurations = (
				CE80971A165C85BF00B645B4 /* Debug */,
				CE80971B165C85BF00B645B4 /* Release */,
			);
			defaultConfigurationIsVisible = 0;
			defaultConfigurationName = Release;
		};
/* End XCConfigurationList section */
	};
	rootObject = CE8096EF165C85BE00B645B4 /* Project object */;
}
